{
    "version": 3,
    "terraform_version": "0.11.10",
    "serial": 2,
    "lineage": "df596136-83c4-61e5-ec99-8d678412f291",
    "modules": [
        {
            "path": [
                "root"
            ],
            "outputs": {},
            "resources": {
                "aws_api_gateway_integration.lambda": {
                    "type": "aws_api_gateway_integration",
                    "depends_on": [
                        "aws_api_gateway_method.proxy",
                        "aws_api_gateway_rest_api.BMWConnect",
                        "aws_lambda_function.TriggerIncidentNotification_AlertManager_mir"
                    ],
                    "primary": {
                        "id": "agi-4mcm8n4qmf-ywzsbx-ANY",
                        "attributes": {
                            "cache_key_parameters.#": "0",
                            "cache_namespace": "ywzsbx",
                            "connection_id": "",
                            "connection_type": "INTERNET",
                            "content_handling": "",
                            "credentials": "",
                            "http_method": "ANY",
                            "id": "agi-4mcm8n4qmf-ywzsbx-ANY",
                            "integration_http_method": "POST",
                            "passthrough_behavior": "WHEN_NO_MATCH",
                            "request_parameters.%": "0",
                            "request_templates.%": "0",
                            "resource_id": "ywzsbx",
                            "rest_api_id": "4mcm8n4qmf",
                            "timeout_milliseconds": "29000",
                            "type": "AWS_PROXY",
                            "uri": "arn:aws:apigateway:eu-west-1:lambda:path/2015-03-31/functions/arn:aws:lambda:eu-west-1:746022503515:function:lambda_function/invocations"
                        },
                        "meta": {},
                        "tainted": false
                    },
                    "deposed": [],
                    "provider": "provider.aws"
                },
                "aws_api_gateway_integration.lambda_root": {
                    "type": "aws_api_gateway_integration",
                    "depends_on": [
                        "aws_api_gateway_method.proxy_root",
                        "aws_api_gateway_rest_api.BMWConnect",
                        "aws_lambda_function.TriggerIncidentNotification_AlertManager_mir"
                    ],
                    "primary": {
                        "id": "agi-4mcm8n4qmf-ys4y6taz26-ANY",
                        "attributes": {
                            "cache_key_parameters.#": "0",
                            "cache_namespace": "ys4y6taz26",
                            "connection_id": "",
                            "connection_type": "INTERNET",
                            "content_handling": "",
                            "credentials": "",
                            "http_method": "ANY",
                            "id": "agi-4mcm8n4qmf-ys4y6taz26-ANY",
                            "integration_http_method": "POST",
                            "passthrough_behavior": "WHEN_NO_MATCH",
                            "request_parameters.%": "0",
                            "request_templates.%": "0",
                            "resource_id": "ys4y6taz26",
                            "rest_api_id": "4mcm8n4qmf",
                            "timeout_milliseconds": "29000",
                            "type": "AWS_PROXY",
                            "uri": "arn:aws:apigateway:eu-west-1:lambda:path/2015-03-31/functions/arn:aws:lambda:eu-west-1:746022503515:function:lambda_function/invocations"
                        },
                        "meta": {},
                        "tainted": false
                    },
                    "deposed": [],
                    "provider": "provider.aws"
                },
                "aws_api_gateway_method.proxy": {
                    "type": "aws_api_gateway_method",
                    "depends_on": [
                        "aws_api_gateway_resource.proxy",
                        "aws_api_gateway_rest_api.BMWConnect"
                    ],
                    "primary": {
                        "id": "agm-4mcm8n4qmf-ywzsbx-ANY",
                        "attributes": {
                            "api_key_required": "false",
                            "authorization": "NONE",
                            "authorization_scopes.#": "0",
                            "authorizer_id": "",
                            "http_method": "ANY",
                            "id": "agm-4mcm8n4qmf-ywzsbx-ANY",
                            "request_models.%": "0",
                            "request_parameters.%": "0",
                            "request_validator_id": "",
                            "resource_id": "ywzsbx",
                            "rest_api_id": "4mcm8n4qmf"
                        },
                        "meta": {},
                        "tainted": false
                    },
                    "deposed": [],
                    "provider": "provider.aws"
                },
                "aws_api_gateway_method.proxy_root": {
                    "type": "aws_api_gateway_method",
                    "depends_on": [
                        "aws_api_gateway_rest_api.BMWConnect"
                    ],
                    "primary": {
                        "id": "agm-4mcm8n4qmf-ys4y6taz26-ANY",
                        "attributes": {
                            "api_key_required": "false",
                            "authorization": "NONE",
                            "authorization_scopes.#": "0",
                            "authorizer_id": "",
                            "http_method": "ANY",
                            "id": "agm-4mcm8n4qmf-ys4y6taz26-ANY",
                            "request_models.%": "0",
                            "request_parameters.%": "0",
                            "request_validator_id": "",
                            "resource_id": "ys4y6taz26",
                            "rest_api_id": "4mcm8n4qmf"
                        },
                        "meta": {},
                        "tainted": false
                    },
                    "deposed": [],
                    "provider": "provider.aws"
                },
                "aws_api_gateway_resource.proxy": {
                    "type": "aws_api_gateway_resource",
                    "depends_on": [
                        "aws_api_gateway_rest_api.BMWConnect"
                    ],
                    "primary": {
                        "id": "ywzsbx",
                        "attributes": {
                            "id": "ywzsbx",
                            "parent_id": "ys4y6taz26",
                            "path": "/{proxy+}",
                            "path_part": "{proxy+}",
                            "rest_api_id": "4mcm8n4qmf"
                        },
                        "meta": {},
                        "tainted": false
                    },
                    "deposed": [],
                    "provider": "provider.aws"
                },
                "aws_api_gateway_rest_api.BMWConnect": {
                    "type": "aws_api_gateway_rest_api",
                    "depends_on": [],
                    "primary": {
                        "id": "4mcm8n4qmf",
                        "attributes": {
                            "api_key_source": "HEADER",
                            "binary_media_types.#": "0",
                            "created_date": "2018-11-22T14:12:07Z",
                            "description": "BMWConnectApplication Using terraform on AWS",
                            "endpoint_configuration.#": "1",
                            "endpoint_configuration.0.types.#": "1",
                            "endpoint_configuration.0.types.0": "EDGE",
                            "execution_arn": "arn:aws:execute-api:eu-west-1:746022503515:4mcm8n4qmf",
                            "id": "4mcm8n4qmf",
                            "minimum_compression_size": "-1",
                            "name": "BMWConnectApplication",
                            "policy": "",
                            "root_resource_id": "ys4y6taz26"
                        },
                        "meta": {},
                        "tainted": false
                    },
                    "deposed": [],
                    "provider": "provider.aws"
                },
                "aws_iam_role.iam_for_lambda": {
                    "type": "aws_iam_role",
                    "depends_on": [],
                    "primary": {
                        "id": "iam_for_lambda",
                        "attributes": {
                            "arn": "arn:aws:iam::746022503515:role/iam_for_lambda",
                            "assume_role_policy": "{\"Version\":\"2012-10-17\",\"Statement\":[{\"Sid\":\"\",\"Effect\":\"Allow\",\"Principal\":{\"Service\":\"lambda.amazonaws.com\"},\"Action\":\"sts:AssumeRole\"}]}",
                            "create_date": "2018-11-22T14:12:08Z",
                            "description": "",
                            "force_detach_policies": "false",
                            "id": "iam_for_lambda",
                            "max_session_duration": "3600",
                            "name": "iam_for_lambda",
                            "path": "/",
                            "unique_id": "AROAJCYF7XG2OOMYURGSQ"
                        },
                        "meta": {},
                        "tainted": false
                    },
                    "deposed": [],
                    "provider": "provider.aws"
                },
                "aws_lambda_function.Dispatch_Alerts_mir": {
                    "type": "aws_lambda_function",
                    "depends_on": [
                        "aws_sns_topic.alert_dispatcher_SNS",
                        "data.archive_file.Dispatch_Alerts_mir_file"
                    ],
                    "primary": {
                        "id": "Dispatch_Alerts_mir",
                        "attributes": {
                            "arn": "arn:aws:lambda:eu-west-1:746022503515:function:Dispatch_Alerts_mir",
                            "dead_letter_config.#": "0",
                            "description": "",
                            "environment.#": "1",
                            "environment.0.variables.%": "3",
                            "environment.0.variables.SNS_EIP_NOTIFY_ARN": "arn:aws:sns:eu-west-1:746022503515:alert_to_awsconnect",
                            "environment.0.variables.odPhoneNumber_org": "+4919999999999",
                            "environment.0.variables.sodPhoneNumber": "+4919999999999",
                            "filename": "/Users/aamirsuhialmir/Desktop/BMW-ChatBot/TerraformConfiguration/.terraform/archive_files/Dispatch_Alerts_mir.zip",
                            "function_name": "Dispatch_Alerts_mir",
                            "handler": "Dispatch_Alerts_mir.lambda_handler",
                            "id": "Dispatch_Alerts_mir",
                            "invoke_arn": "arn:aws:apigateway:eu-west-1:lambda:path/2015-03-31/functions/arn:aws:lambda:eu-west-1:746022503515:function:Dispatch_Alerts_mir/invocations",
                            "kms_key_arn": "",
                            "last_modified": "2018-11-22T14:12:13.166+0000",
                            "memory_size": "128",
                            "publish": "false",
                            "qualified_arn": "arn:aws:lambda:eu-west-1:746022503515:function:Dispatch_Alerts_mir:$LATEST",
                            "reserved_concurrent_executions": "0",
                            "role": "arn:aws:iam::746022503515:role/lambda_sns",
                            "runtime": "python3.6",
                            "source_code_hash": "HvnNBp5RzMv819kkhMDBRAcDLZips0Ih1M+dGAI0LYw=",
                            "source_code_size": "1125",
                            "tags.%": "0",
                            "timeout": "3",
                            "tracing_config.#": "1",
                            "tracing_config.0.mode": "PassThrough",
                            "version": "$LATEST",
                            "vpc_config.#": "0"
                        },
                        "meta": {
                            "e2bfb730-ecaa-11e6-8f88-34363bc7c4c0": {
                                "create": 600000000000
                            }
                        },
                        "tainted": false
                    },
                    "deposed": [],
                    "provider": "provider.aws"
                },
                "aws_lambda_function.Escalate_Incident_To_mir": {
                    "type": "aws_lambda_function",
                    "depends_on": [
                        "data.archive_file.Escalate_Incident_To_mir_file"
                    ],
                    "primary": {
                        "id": "Escalate_Incident_To_mir",
                        "attributes": {
                            "arn": "arn:aws:lambda:eu-west-1:746022503515:function:Escalate_Incident_To_mir",
                            "dead_letter_config.#": "0",
                            "description": "",
                            "environment.#": "1",
                            "environment.0.variables.%": "1",
                            "environment.0.variables.SNS_EIP_NOTIFY_ARN": "arn:aws:sns:eu-west-1:746022503515:alert_dispatcher",
                            "filename": "/Users/aamirsuhialmir/Desktop/BMW-ChatBot/TerraformConfiguration/.terraform/archive_files/Escalate_Incident_To_mir.zip",
                            "function_name": "Escalate_Incident_To_mir",
                            "handler": "Escalate_Incident_To_mir.lambda_handler",
                            "id": "Escalate_Incident_To_mir",
                            "invoke_arn": "arn:aws:apigateway:eu-west-1:lambda:path/2015-03-31/functions/arn:aws:lambda:eu-west-1:746022503515:function:Escalate_Incident_To_mir/invocations",
                            "kms_key_arn": "",
                            "last_modified": "2018-11-22T14:12:07.898+0000",
                            "memory_size": "128",
                            "publish": "false",
                            "qualified_arn": "arn:aws:lambda:eu-west-1:746022503515:function:Escalate_Incident_To_mir:$LATEST",
                            "reserved_concurrent_executions": "0",
                            "role": "arn:aws:iam::746022503515:role/lambda_sns",
                            "runtime": "python3.6",
                            "source_code_hash": "YJt2LdxhALfm+qgFR2fxS7+QJnOEoaL+AA+IMvZ1IEg=",
                            "source_code_size": "534",
                            "tags.%": "0",
                            "timeout": "3",
                            "tracing_config.#": "1",
                            "tracing_config.0.mode": "PassThrough",
                            "version": "$LATEST",
                            "vpc_config.#": "0"
                        },
                        "meta": {
                            "e2bfb730-ecaa-11e6-8f88-34363bc7c4c0": {
                                "create": 600000000000
                            }
                        },
                        "tainted": false
                    },
                    "deposed": [],
                    "provider": "provider.aws"
                },
                "aws_lambda_function.GetCurrentIncident_AWSConnect_mir": {
                    "type": "aws_lambda_function",
                    "depends_on": [
                        "data.archive_file.GetCurrentIncident_AWSConnect_mir_file"
                    ],
                    "primary": {
                        "id": "GetCurrentIncident_AWSConnect_mir",
                        "attributes": {
                            "arn": "arn:aws:lambda:eu-west-1:746022503515:function:GetCurrentIncident_AWSConnect_mir",
                            "dead_letter_config.#": "0",
                            "description": "",
                            "environment.#": "0",
                            "filename": "/Users/aamirsuhialmir/Desktop/BMW-ChatBot/TerraformConfiguration/.terraform/archive_files/GetCurrentIncident_AWSConnect_mir.zip",
                            "function_name": "GetCurrentIncident_AWSConnect_mir",
                            "handler": "GetCurrentIncident_AWSConnect_mir.lambda_handler",
                            "id": "GetCurrentIncident_AWSConnect_mir",
                            "invoke_arn": "arn:aws:apigateway:eu-west-1:lambda:path/2015-03-31/functions/arn:aws:lambda:eu-west-1:746022503515:function:GetCurrentIncident_AWSConnect_mir/invocations",
                            "kms_key_arn": "",
                            "last_modified": "2018-11-22T14:12:08.996+0000",
                            "memory_size": "128",
                            "publish": "false",
                            "qualified_arn": "arn:aws:lambda:eu-west-1:746022503515:function:GetCurrentIncident_AWSConnect_mir:$LATEST",
                            "reserved_concurrent_executions": "0",
                            "role": "arn:aws:iam::746022503515:role/lambda_sns",
                            "runtime": "python3.6",
                            "source_code_hash": "9JHsrCdvye5DxSONUgEvFxIq/MM4ebgp4JeyqRryf+4=",
                            "source_code_size": "485",
                            "tags.%": "0",
                            "timeout": "3",
                            "tracing_config.#": "1",
                            "tracing_config.0.mode": "PassThrough",
                            "version": "$LATEST",
                            "vpc_config.#": "0"
                        },
                        "meta": {
                            "e2bfb730-ecaa-11e6-8f88-34363bc7c4c0": {
                                "create": 600000000000
                            }
                        },
                        "tainted": false
                    },
                    "deposed": [],
                    "provider": "provider.aws"
                },
                "aws_lambda_function.OutboundCall-Trigger_mir": {
                    "type": "aws_lambda_function",
                    "depends_on": [
                        "aws_sns_topic.alert_to_awsconnect_SNS",
                        "data.archive_file.OutboundCall-Trigger_mir_file"
                    ],
                    "primary": {
                        "id": "OutboundCall-Trigger_mir",
                        "attributes": {
                            "arn": "arn:aws:lambda:eu-west-1:746022503515:function:OutboundCall-Trigger_mir",
                            "dead_letter_config.#": "0",
                            "description": "",
                            "environment.#": "0",
                            "filename": "/Users/aamirsuhialmir/Desktop/BMW-ChatBot/TerraformConfiguration/.terraform/archive_files/OutboundCall-Trigger_mir.zip",
                            "function_name": "OutboundCall-Trigger_mir",
                            "handler": "OutboundCall-Trigger_mir.lambda_handler",
                            "id": "OutboundCall-Trigger_mir",
                            "invoke_arn": "arn:aws:apigateway:eu-west-1:lambda:path/2015-03-31/functions/arn:aws:lambda:eu-west-1:746022503515:function:OutboundCall-Trigger_mir/invocations",
                            "kms_key_arn": "",
                            "last_modified": "2018-11-22T14:12:12.359+0000",
                            "memory_size": "128",
                            "publish": "false",
                            "qualified_arn": "arn:aws:lambda:eu-west-1:746022503515:function:OutboundCall-Trigger_mir:$LATEST",
                            "reserved_concurrent_executions": "0",
                            "role": "arn:aws:iam::746022503515:role/lambda_sns",
                            "runtime": "python3.6",
                            "source_code_hash": "+Y2nKpkpHO2tsV+6tSjKYU57rB+++25+4XWw89pzTN8=",
                            "source_code_size": "742",
                            "tags.%": "0",
                            "timeout": "3",
                            "tracing_config.#": "1",
                            "tracing_config.0.mode": "PassThrough",
                            "version": "$LATEST",
                            "vpc_config.#": "0"
                        },
                        "meta": {
                            "e2bfb730-ecaa-11e6-8f88-34363bc7c4c0": {
                                "create": 600000000000
                            }
                        },
                        "tainted": false
                    },
                    "deposed": [],
                    "provider": "provider.aws"
                },
                "aws_lambda_function.TriggerIncidentNotification_AlertManager_mir": {
                    "type": "aws_lambda_function",
                    "depends_on": [
                        "data.archive_file.TriggerIncidentNotification_AlertManager_mir_file"
                    ],
                    "primary": {
                        "id": "lambda_function",
                        "attributes": {
                            "arn": "arn:aws:lambda:eu-west-1:746022503515:function:lambda_function",
                            "dead_letter_config.#": "0",
                            "description": "",
                            "environment.#": "1",
                            "environment.0.variables.%": "2",
                            "environment.0.variables.BearerToken": "xyz",
                            "environment.0.variables.SNS_EIP_NOTIFY_ARN": "arn:aws:sns:eu-west-1:746022503515:alert_dispatcher",
                            "filename": "/Users/aamirsuhialmir/Desktop/BMW-ChatBot/TerraformConfiguration/.terraform/archive_files/TriggerIncidentNotification_AlertManager_mir.zip",
                            "function_name": "lambda_function",
                            "handler": "TriggerIncidentNotification_AlertManager.lambda_handler",
                            "id": "lambda_function",
                            "invoke_arn": "arn:aws:apigateway:eu-west-1:lambda:path/2015-03-31/functions/arn:aws:lambda:eu-west-1:746022503515:function:lambda_function/invocations",
                            "kms_key_arn": "",
                            "last_modified": "2018-11-22T14:12:09.747+0000",
                            "memory_size": "128",
                            "publish": "false",
                            "qualified_arn": "arn:aws:lambda:eu-west-1:746022503515:function:lambda_function:$LATEST",
                            "reserved_concurrent_executions": "0",
                            "role": "arn:aws:iam::746022503515:role/lambda_sns",
                            "runtime": "python3.6",
                            "source_code_hash": "FJ311fEva24soGnHaGSFVjZJn73GDyC9qhINUz7NNPg=",
                            "source_code_size": "1411",
                            "tags.%": "0",
                            "timeout": "3",
                            "tracing_config.#": "1",
                            "tracing_config.0.mode": "PassThrough",
                            "version": "$LATEST",
                            "vpc_config.#": "0"
                        },
                        "meta": {
                            "e2bfb730-ecaa-11e6-8f88-34363bc7c4c0": {
                                "create": 600000000000
                            }
                        },
                        "tainted": false
                    },
                    "deposed": [],
                    "provider": "provider.aws"
                },
                "aws_lambda_function.TriggerIncidentNotification_CloudWatch_mir": {
                    "type": "aws_lambda_function",
                    "depends_on": [
                        "data.archive_file.TriggerIncidentNotification_CloudWatch_mir_file"
                    ],
                    "primary": {
                        "id": "TriggerIncidentNotification_CloudWatch_mir",
                        "attributes": {
                            "arn": "arn:aws:lambda:eu-west-1:746022503515:function:TriggerIncidentNotification_CloudWatch_mir",
                            "dead_letter_config.#": "0",
                            "description": "",
                            "environment.#": "1",
                            "environment.0.variables.%": "4",
                            "environment.0.variables.AlexNumber": "+4919999999999",
                            "environment.0.variables.SNS_EIP_NOTIFY_ARN": "arn:aws:sns:eu-west-1:746022503515:alert_dispatcher",
                            "environment.0.variables.SodNumber": "+4919999999999",
                            "environment.0.variables.destinationPhoneNumber": "+4919999999999",
                            "filename": "/Users/aamirsuhialmir/Desktop/BMW-ChatBot/TerraformConfiguration/.terraform/archive_files/TriggerIncidentNotification_CloudWatch_mir.zip",
                            "function_name": "TriggerIncidentNotification_CloudWatch_mir",
                            "handler": "TriggerIncidentNotification_CloudWatch_mir.lambda_handler",
                            "id": "TriggerIncidentNotification_CloudWatch_mir",
                            "invoke_arn": "arn:aws:apigateway:eu-west-1:lambda:path/2015-03-31/functions/arn:aws:lambda:eu-west-1:746022503515:function:TriggerIncidentNotification_CloudWatch_mir/invocations",
                            "kms_key_arn": "",
                            "last_modified": "2018-11-22T14:12:11.627+0000",
                            "memory_size": "128",
                            "publish": "false",
                            "qualified_arn": "arn:aws:lambda:eu-west-1:746022503515:function:TriggerIncidentNotification_CloudWatch_mir:$LATEST",
                            "reserved_concurrent_executions": "0",
                            "role": "arn:aws:iam::746022503515:role/lambda_sns",
                            "runtime": "python3.6",
                            "source_code_hash": "38AJ3z//iO0J3f7sKXi5kf9JkFNEVIywD3Tx6QddH9g=",
                            "source_code_size": "1364",
                            "tags.%": "0",
                            "timeout": "3",
                            "tracing_config.#": "1",
                            "tracing_config.0.mode": "PassThrough",
                            "version": "$LATEST",
                            "vpc_config.#": "0"
                        },
                        "meta": {
                            "e2bfb730-ecaa-11e6-8f88-34363bc7c4c0": {
                                "create": 600000000000
                            }
                        },
                        "tainted": false
                    },
                    "deposed": [],
                    "provider": "provider.aws"
                },
                "aws_lambda_permission.Dispatch_Alerts_mir_with_sns": {
                    "type": "aws_lambda_permission",
                    "depends_on": [
                        "aws_lambda_function.Dispatch_Alerts_mir",
                        "aws_sns_topic.alert_dispatcher_SNS"
                    ],
                    "primary": {
                        "id": "AllowExecutionFromSNS",
                        "attributes": {
                            "action": "lambda:InvokeFunction",
                            "function_name": "Dispatch_Alerts_mir",
                            "id": "AllowExecutionFromSNS",
                            "principal": "sns.amazonaws.com",
                            "qualifier": "",
                            "source_arn": "arn:aws:sns:eu-west-1:746022503515:alert_dispatcher",
                            "statement_id": "AllowExecutionFromSNS"
                        },
                        "meta": {},
                        "tainted": false
                    },
                    "deposed": [],
                    "provider": "provider.aws"
                },
                "aws_lambda_permission.OutboundCall-Trigger_mir_with_sns": {
                    "type": "aws_lambda_permission",
                    "depends_on": [
                        "aws_lambda_function.OutboundCall-Trigger_mir",
                        "aws_sns_topic.alert_to_awsconnect_SNS"
                    ],
                    "primary": {
                        "id": "AllowExecutionFromSNS",
                        "attributes": {
                            "action": "lambda:InvokeFunction",
                            "function_name": "OutboundCall-Trigger_mir",
                            "id": "AllowExecutionFromSNS",
                            "principal": "sns.amazonaws.com",
                            "qualifier": "",
                            "source_arn": "arn:aws:sns:eu-west-1:746022503515:alert_to_awsconnect",
                            "statement_id": "AllowExecutionFromSNS"
                        },
                        "meta": {},
                        "tainted": false
                    },
                    "deposed": [],
                    "provider": "provider.aws"
                },
                "aws_lambda_permission.TriggerIncidentNotification_CloudWatch_mir_with_sns": {
                    "type": "aws_lambda_permission",
                    "depends_on": [
                        "aws_lambda_function.TriggerIncidentNotification_CloudWatch_mir",
                        "aws_sns_topic.alert_from_cloudwatch_SNS"
                    ],
                    "primary": {
                        "id": "AllowExecutionFromSNS",
                        "attributes": {
                            "action": "lambda:InvokeFunction",
                            "function_name": "TriggerIncidentNotification_CloudWatch_mir",
                            "id": "AllowExecutionFromSNS",
                            "principal": "sns.amazonaws.com",
                            "qualifier": "",
                            "source_arn": "arn:aws:sns:eu-west-1:746022503515:alert_from_cloudwatch",
                            "statement_id": "AllowExecutionFromSNS"
                        },
                        "meta": {},
                        "tainted": false
                    },
                    "deposed": [],
                    "provider": "provider.aws"
                },
                "aws_sns_topic.alert_dispatcher_SNS": {
                    "type": "aws_sns_topic",
                    "depends_on": [],
                    "primary": {
                        "id": "arn:aws:sns:eu-west-1:746022503515:alert_dispatcher",
                        "attributes": {
                            "application_failure_feedback_role_arn": "",
                            "application_success_feedback_role_arn": "",
                            "application_success_feedback_sample_rate": "0",
                            "arn": "arn:aws:sns:eu-west-1:746022503515:alert_dispatcher",
                            "delivery_policy": "",
                            "display_name": "",
                            "http_failure_feedback_role_arn": "",
                            "http_success_feedback_role_arn": "",
                            "http_success_feedback_sample_rate": "0",
                            "id": "arn:aws:sns:eu-west-1:746022503515:alert_dispatcher",
                            "lambda_failure_feedback_role_arn": "",
                            "lambda_success_feedback_role_arn": "",
                            "lambda_success_feedback_sample_rate": "0",
                            "name": "alert_dispatcher",
                            "policy": "{\"Version\":\"2008-10-17\",\"Id\":\"__default_policy_ID\",\"Statement\":[{\"Sid\":\"__default_statement_ID\",\"Effect\":\"Allow\",\"Principal\":{\"AWS\":\"*\"},\"Action\":[\"SNS:GetTopicAttributes\",\"SNS:SetTopicAttributes\",\"SNS:AddPermission\",\"SNS:RemovePermission\",\"SNS:DeleteTopic\",\"SNS:Subscribe\",\"SNS:ListSubscriptionsByTopic\",\"SNS:Publish\",\"SNS:Receive\"],\"Resource\":\"arn:aws:sns:eu-west-1:746022503515:alert_dispatcher\",\"Condition\":{\"StringEquals\":{\"AWS:SourceOwner\":\"746022503515\"}}}]}",
                            "sqs_failure_feedback_role_arn": "",
                            "sqs_success_feedback_role_arn": "",
                            "sqs_success_feedback_sample_rate": "0"
                        },
                        "meta": {},
                        "tainted": false
                    },
                    "deposed": [],
                    "provider": "provider.aws"
                },
                "aws_sns_topic.alert_from_cloudwatch_SNS": {
                    "type": "aws_sns_topic",
                    "depends_on": [],
                    "primary": {
                        "id": "arn:aws:sns:eu-west-1:746022503515:alert_from_cloudwatch",
                        "attributes": {
                            "application_failure_feedback_role_arn": "",
                            "application_success_feedback_role_arn": "",
                            "application_success_feedback_sample_rate": "0",
                            "arn": "arn:aws:sns:eu-west-1:746022503515:alert_from_cloudwatch",
                            "delivery_policy": "",
                            "display_name": "",
                            "http_failure_feedback_role_arn": "",
                            "http_success_feedback_role_arn": "",
                            "http_success_feedback_sample_rate": "0",
                            "id": "arn:aws:sns:eu-west-1:746022503515:alert_from_cloudwatch",
                            "lambda_failure_feedback_role_arn": "",
                            "lambda_success_feedback_role_arn": "",
                            "lambda_success_feedback_sample_rate": "0",
                            "name": "alert_from_cloudwatch",
                            "policy": "{\"Version\":\"2008-10-17\",\"Id\":\"__default_policy_ID\",\"Statement\":[{\"Sid\":\"__default_statement_ID\",\"Effect\":\"Allow\",\"Principal\":{\"AWS\":\"*\"},\"Action\":[\"SNS:GetTopicAttributes\",\"SNS:SetTopicAttributes\",\"SNS:AddPermission\",\"SNS:RemovePermission\",\"SNS:DeleteTopic\",\"SNS:Subscribe\",\"SNS:ListSubscriptionsByTopic\",\"SNS:Publish\",\"SNS:Receive\"],\"Resource\":\"arn:aws:sns:eu-west-1:746022503515:alert_from_cloudwatch\",\"Condition\":{\"StringEquals\":{\"AWS:SourceOwner\":\"746022503515\"}}}]}",
                            "sqs_failure_feedback_role_arn": "",
                            "sqs_success_feedback_role_arn": "",
                            "sqs_success_feedback_sample_rate": "0"
                        },
                        "meta": {},
                        "tainted": false
                    },
                    "deposed": [],
                    "provider": "provider.aws"
                },
                "aws_sns_topic.alert_to_awsconnect_SNS": {
                    "type": "aws_sns_topic",
                    "depends_on": [],
                    "primary": {
                        "id": "arn:aws:sns:eu-west-1:746022503515:alert_to_awsconnect",
                        "attributes": {
                            "application_failure_feedback_role_arn": "",
                            "application_success_feedback_role_arn": "",
                            "application_success_feedback_sample_rate": "0",
                            "arn": "arn:aws:sns:eu-west-1:746022503515:alert_to_awsconnect",
                            "delivery_policy": "",
                            "display_name": "",
                            "http_failure_feedback_role_arn": "",
                            "http_success_feedback_role_arn": "",
                            "http_success_feedback_sample_rate": "0",
                            "id": "arn:aws:sns:eu-west-1:746022503515:alert_to_awsconnect",
                            "lambda_failure_feedback_role_arn": "",
                            "lambda_success_feedback_role_arn": "",
                            "lambda_success_feedback_sample_rate": "0",
                            "name": "alert_to_awsconnect",
                            "policy": "{\"Version\":\"2008-10-17\",\"Id\":\"__default_policy_ID\",\"Statement\":[{\"Sid\":\"__default_statement_ID\",\"Effect\":\"Allow\",\"Principal\":{\"AWS\":\"*\"},\"Action\":[\"SNS:GetTopicAttributes\",\"SNS:SetTopicAttributes\",\"SNS:AddPermission\",\"SNS:RemovePermission\",\"SNS:DeleteTopic\",\"SNS:Subscribe\",\"SNS:ListSubscriptionsByTopic\",\"SNS:Publish\",\"SNS:Receive\"],\"Resource\":\"arn:aws:sns:eu-west-1:746022503515:alert_to_awsconnect\",\"Condition\":{\"StringEquals\":{\"AWS:SourceOwner\":\"746022503515\"}}}]}",
                            "sqs_failure_feedback_role_arn": "",
                            "sqs_success_feedback_role_arn": "",
                            "sqs_success_feedback_sample_rate": "0"
                        },
                        "meta": {},
                        "tainted": false
                    },
                    "deposed": [],
                    "provider": "provider.aws"
                },
                "aws_sns_topic_subscription.AWS_SNS_Dispatch_One": {
                    "type": "aws_sns_topic_subscription",
                    "depends_on": [
                        "aws_lambda_function.Dispatch_Alerts_mir",
                        "aws_lambda_function.TriggerIncidentNotification_AlertManager_mir",
                        "aws_sns_topic.alert_dispatcher_SNS"
                    ],
                    "primary": {
                        "id": "arn:aws:sns:eu-west-1:746022503515:alert_dispatcher:cb35c1f7-1491-4f47-aae8-51106c125271",
                        "attributes": {
                            "arn": "arn:aws:sns:eu-west-1:746022503515:alert_dispatcher:cb35c1f7-1491-4f47-aae8-51106c125271",
                            "confirmation_timeout_in_minutes": "1",
                            "delivery_policy": "",
                            "endpoint": "arn:aws:lambda:eu-west-1:746022503515:function:Dispatch_Alerts_mir",
                            "endpoint_auto_confirms": "false",
                            "filter_policy": "",
                            "id": "arn:aws:sns:eu-west-1:746022503515:alert_dispatcher:cb35c1f7-1491-4f47-aae8-51106c125271",
                            "protocol": "lambda",
                            "raw_message_delivery": "false",
                            "topic_arn": "arn:aws:sns:eu-west-1:746022503515:alert_dispatcher"
                        },
                        "meta": {},
                        "tainted": false
                    },
                    "deposed": [],
                    "provider": "provider.aws"
                },
                "aws_sns_topic_subscription.AWS_SNS_Dispatch_Two": {
                    "type": "aws_sns_topic_subscription",
                    "depends_on": [
                        "aws_lambda_function.Dispatch_Alerts_mir",
                        "aws_lambda_function.TriggerIncidentNotification_AlertManager_mir",
                        "aws_sns_topic.alert_dispatcher_SNS"
                    ],
                    "primary": {
                        "id": "arn:aws:sns:eu-west-1:746022503515:alert_dispatcher:cb35c1f7-1491-4f47-aae8-51106c125271",
                        "attributes": {
                            "arn": "arn:aws:sns:eu-west-1:746022503515:alert_dispatcher:cb35c1f7-1491-4f47-aae8-51106c125271",
                            "confirmation_timeout_in_minutes": "1",
                            "delivery_policy": "",
                            "endpoint": "arn:aws:lambda:eu-west-1:746022503515:function:Dispatch_Alerts_mir",
                            "endpoint_auto_confirms": "false",
                            "filter_policy": "",
                            "id": "arn:aws:sns:eu-west-1:746022503515:alert_dispatcher:cb35c1f7-1491-4f47-aae8-51106c125271",
                            "protocol": "lambda",
                            "raw_message_delivery": "false",
                            "topic_arn": "arn:aws:sns:eu-west-1:746022503515:alert_dispatcher"
                        },
                        "meta": {},
                        "tainted": false
                    },
                    "deposed": [],
                    "provider": "provider.aws"
                },
                "aws_sns_topic_subscription.AWS_SNS_Subscription_TriggerIncidentNotification_CloudWatch": {
                    "type": "aws_sns_topic_subscription",
                    "depends_on": [
                        "aws_lambda_function.TriggerIncidentNotification_CloudWatch_mir",
                        "aws_sns_topic.alert_from_cloudwatch_SNS"
                    ],
                    "primary": {
                        "id": "arn:aws:sns:eu-west-1:746022503515:alert_from_cloudwatch:e9b529b2-e71f-4dcc-8045-faeef1706664",
                        "attributes": {
                            "arn": "arn:aws:sns:eu-west-1:746022503515:alert_from_cloudwatch:e9b529b2-e71f-4dcc-8045-faeef1706664",
                            "confirmation_timeout_in_minutes": "1",
                            "delivery_policy": "",
                            "endpoint": "arn:aws:lambda:eu-west-1:746022503515:function:TriggerIncidentNotification_CloudWatch_mir",
                            "endpoint_auto_confirms": "false",
                            "filter_policy": "",
                            "id": "arn:aws:sns:eu-west-1:746022503515:alert_from_cloudwatch:e9b529b2-e71f-4dcc-8045-faeef1706664",
                            "protocol": "lambda",
                            "raw_message_delivery": "false",
                            "topic_arn": "arn:aws:sns:eu-west-1:746022503515:alert_from_cloudwatch"
                        },
                        "meta": {},
                        "tainted": false
                    },
                    "deposed": [],
                    "provider": "provider.aws"
                },
                "aws_sns_topic_subscription.AWS_SNS_alert_to_awsconnect": {
                    "type": "aws_sns_topic_subscription",
                    "depends_on": [
                        "aws_lambda_function.OutboundCall-Trigger_mir",
                        "aws_sns_topic.alert_to_awsconnect_SNS"
                    ],
                    "primary": {
                        "id": "arn:aws:sns:eu-west-1:746022503515:alert_to_awsconnect:b5c27cac-40ea-4ef4-b3e0-b0cbafa5b055",
                        "attributes": {
                            "arn": "arn:aws:sns:eu-west-1:746022503515:alert_to_awsconnect:b5c27cac-40ea-4ef4-b3e0-b0cbafa5b055",
                            "confirmation_timeout_in_minutes": "1",
                            "delivery_policy": "",
                            "endpoint": "arn:aws:lambda:eu-west-1:746022503515:function:OutboundCall-Trigger_mir",
                            "endpoint_auto_confirms": "false",
                            "filter_policy": "",
                            "id": "arn:aws:sns:eu-west-1:746022503515:alert_to_awsconnect:b5c27cac-40ea-4ef4-b3e0-b0cbafa5b055",
                            "protocol": "lambda",
                            "raw_message_delivery": "false",
                            "topic_arn": "arn:aws:sns:eu-west-1:746022503515:alert_to_awsconnect"
                        },
                        "meta": {},
                        "tainted": false
                    },
                    "deposed": [],
                    "provider": "provider.aws"
                },
                "data.archive_file.Dispatch_Alerts_mir_file": {
                    "type": "archive_file",
                    "depends_on": [],
                    "primary": {
                        "id": "4f19fb42637d1fc2c8e7be0de9b76c98b21ce2a2",
                        "attributes": {
                            "id": "4f19fb42637d1fc2c8e7be0de9b76c98b21ce2a2",
                            "output_base64sha256": "HvnNBp5RzMv819kkhMDBRAcDLZips0Ih1M+dGAI0LYw=",
                            "output_md5": "e0871e3d8b13e2154b6e560472d9c310",
                            "output_path": "/Users/aamirsuhialmir/Desktop/BMW-ChatBot/TerraformConfiguration/.terraform/archive_files/Dispatch_Alerts_mir.zip",
                            "output_sha": "4f19fb42637d1fc2c8e7be0de9b76c98b21ce2a2",
                            "output_size": "1125",
                            "source.#": "0",
                            "source_dir": "/Users/aamirsuhialmir/Desktop/BMW-ChatBot/TerraformConfiguration/lambda/Dispatch_Alerts_mir",
                            "type": "zip"
                        },
                        "meta": {},
                        "tainted": false
                    },
                    "deposed": [],
                    "provider": "provider.archive"
                },
                "data.archive_file.Escalate_Incident_To_mir_file": {
                    "type": "archive_file",
                    "depends_on": [],
                    "primary": {
                        "id": "68bf4c0cc4e00a5649ebd1403495f117f4cce61d",
                        "attributes": {
                            "id": "68bf4c0cc4e00a5649ebd1403495f117f4cce61d",
                            "output_base64sha256": "YJt2LdxhALfm+qgFR2fxS7+QJnOEoaL+AA+IMvZ1IEg=",
                            "output_md5": "9c94348fec2893cb4a0e55ff68e635e9",
                            "output_path": "/Users/aamirsuhialmir/Desktop/BMW-ChatBot/TerraformConfiguration/.terraform/archive_files/Escalate_Incident_To_mir.zip",
                            "output_sha": "68bf4c0cc4e00a5649ebd1403495f117f4cce61d",
                            "output_size": "534",
                            "source.#": "0",
                            "source_dir": "/Users/aamirsuhialmir/Desktop/BMW-ChatBot/TerraformConfiguration/lambda/Escalate_Incident_To_mir",
                            "type": "zip"
                        },
                        "meta": {},
                        "tainted": false
                    },
                    "deposed": [],
                    "provider": "provider.archive"
                },
                "data.archive_file.GetCurrentIncident_AWSConnect_mir_file": {
                    "type": "archive_file",
                    "depends_on": [],
                    "primary": {
                        "id": "159ce02c7249d68a10d4ae70b2a5cbf7206be397",
                        "attributes": {
                            "id": "159ce02c7249d68a10d4ae70b2a5cbf7206be397",
                            "output_base64sha256": "9JHsrCdvye5DxSONUgEvFxIq/MM4ebgp4JeyqRryf+4=",
                            "output_md5": "f22c57b7f51332878ba110128164db2d",
                            "output_path": "/Users/aamirsuhialmir/Desktop/BMW-ChatBot/TerraformConfiguration/.terraform/archive_files/GetCurrentIncident_AWSConnect_mir.zip",
                            "output_sha": "159ce02c7249d68a10d4ae70b2a5cbf7206be397",
                            "output_size": "485",
                            "source.#": "0",
                            "source_dir": "/Users/aamirsuhialmir/Desktop/BMW-ChatBot/TerraformConfiguration/lambda/GetCurrentIncident_AWSConnect_mir",
                            "type": "zip"
                        },
                        "meta": {},
                        "tainted": false
                    },
                    "deposed": [],
                    "provider": "provider.archive"
                },
                "data.archive_file.OutboundCall-Trigger_mir_file": {
                    "type": "archive_file",
                    "depends_on": [],
                    "primary": {
                        "id": "31c896a020a6b239e4056b536ebbfedcfd7bca10",
                        "attributes": {
                            "id": "31c896a020a6b239e4056b536ebbfedcfd7bca10",
                            "output_base64sha256": "+Y2nKpkpHO2tsV+6tSjKYU57rB+++25+4XWw89pzTN8=",
                            "output_md5": "2f425d5b83489eb15a79606e4e3af45b",
                            "output_path": "/Users/aamirsuhialmir/Desktop/BMW-ChatBot/TerraformConfiguration/.terraform/archive_files/OutboundCall-Trigger_mir.zip",
                            "output_sha": "31c896a020a6b239e4056b536ebbfedcfd7bca10",
                            "output_size": "742",
                            "source.#": "0",
                            "source_dir": "/Users/aamirsuhialmir/Desktop/BMW-ChatBot/TerraformConfiguration/lambda/OutboundCall-Trigger_mir",
                            "type": "zip"
                        },
                        "meta": {},
                        "tainted": false
                    },
                    "deposed": [],
                    "provider": "provider.archive"
                },
                "data.archive_file.TriggerIncidentNotification_AlertManager_mir_file": {
                    "type": "archive_file",
                    "depends_on": [],
                    "primary": {
                        "id": "8776c5a82d90bd87a166159821b3036225e09829",
                        "attributes": {
                            "id": "8776c5a82d90bd87a166159821b3036225e09829",
                            "output_base64sha256": "FJ311fEva24soGnHaGSFVjZJn73GDyC9qhINUz7NNPg=",
                            "output_md5": "f2d2226dd06a75576bc036868562db72",
                            "output_path": "/Users/aamirsuhialmir/Desktop/BMW-ChatBot/TerraformConfiguration/.terraform/archive_files/TriggerIncidentNotification_AlertManager_mir.zip",
                            "output_sha": "8776c5a82d90bd87a166159821b3036225e09829",
                            "output_size": "1411",
                            "source.#": "0",
                            "source_dir": "/Users/aamirsuhialmir/Desktop/BMW-ChatBot/TerraformConfiguration/lambda/TriggerIncidentNotification_AlertManager_mir",
                            "type": "zip"
                        },
                        "meta": {},
                        "tainted": false
                    },
                    "deposed": [],
                    "provider": "provider.archive"
                },
                "data.archive_file.TriggerIncidentNotification_CloudWatch_mir_file": {
                    "type": "archive_file",
                    "depends_on": [],
                    "primary": {
                        "id": "0e9f881f3212a6baf3b2b2e8e680896519efe553",
                        "attributes": {
                            "id": "0e9f881f3212a6baf3b2b2e8e680896519efe553",
                            "output_base64sha256": "38AJ3z//iO0J3f7sKXi5kf9JkFNEVIywD3Tx6QddH9g=",
                            "output_md5": "857a0082fb7aa4c42a8b0a752f964930",
                            "output_path": "/Users/aamirsuhialmir/Desktop/BMW-ChatBot/TerraformConfiguration/.terraform/archive_files/TriggerIncidentNotification_CloudWatch_mir.zip",
                            "output_sha": "0e9f881f3212a6baf3b2b2e8e680896519efe553",
                            "output_size": "1364",
                            "source.#": "0",
                            "source_dir": "/Users/aamirsuhialmir/Desktop/BMW-ChatBot/TerraformConfiguration/lambda/TriggerIncidentNotification_CloudWatch_mir",
                            "type": "zip"
                        },
                        "meta": {},
                        "tainted": false
                    },
                    "deposed": [],
                    "provider": "provider.archive"
                }
            },
            "depends_on": []
        }
    ]
}
